
Microsoft Visual Studio Solution File, Format Version 12.00
# Visual Studio 15
VisualStudioVersion = 15.0.27130.2010
MinimumVisualStudioVersion = 10.0.40219.1
Project("{9A19103F-16F7-4668-BE54-9A1E7A4F7556}") = "Application", "Application\Application.csproj", "{51D09507-45F1-4054-A1E3-167DE3EBCEB6}"
EndProject
Project("{E53339B2-1760-4266-BCC7-CA923CBCF16C}") = "docker-compose", "docker-compose.dcproj", "{F7A92231-A193-4BE8-A82F-AF7A3B534630}"
EndProject
Global
	GlobalSection(SolutionConfigurationPlatforms) = preSolution
		Debug|Any CPU = Debug|Any CPU
		Release|Any CPU = Release|Any CPU
	EndGlobalSection
	GlobalSection(ProjectConfigurationPlatforms) = postSolution
		{51D09507-45F1-4054-A1E3-167DE3EBCEB6}.Debug|Any CPU.ActiveCfg = Debug|Any CPU
		{51D09507-45F1-4054-A1E3-167DE3EBCEB6}.Debug|Any CPU.Build.0 = Debug|Any CPU
		{51D09507-45F1-4054-A1E3-167DE3EBCEB6}.Release|Any CPU.ActiveCfg = Release|Any CPU
		{51D09507-45F1-4054-A1E3-167DE3EBCEB6}.Release|Any CPU.Build.0 = Release|Any CPU
		{F7A92231-A193-4BE8-A82F-AF7A3B534630}.Debug|Any CPU.ActiveCfg = Debug|Any CPU
		{F7A92231-A193-4BE8-A82F-AF7A3B534630}.Debug|Any CPU.Build.0 = Debug|Any CPU
		{F7A92231-A193-4BE8-A82F-AF7A3B534630}.Release|Any CPU.ActiveCfg = Release|Any CPU
		{F7A92231-A193-4BE8-A82F-AF7A3B534630}.Release|Any CPU.Build.0 = Release|Any CPU
	EndGlobalSection
	GlobalSection(SolutionProperties) = preSolution
		HideSolutionNode = FALSE
	EndGlobalSection
	GlobalSection(ExtensibilityGlobals) = postSolution
		SolutionGuid = {3FF49ACA-2598-4343-B053-4B530F7DA2AC}
	EndGlobalSection
EndGlobal
